// !$*UTF8*$!
{
	archiveVersion = 1;
	classes = {
	};
	objectVersion = 56;
	objects = {

/* Begin PBXBuildFile section */
		383D979E28E630A700119835 /* GradientTextField.swift in Sources */ = {isa = PBXBuildFile; fileRef = 383D979D28E630A700119835 /* GradientTextField.swift */; };
		383D97A028E68A9900119835 /* ImageRateView.swift in Sources */ = {isa = PBXBuildFile; fileRef = 383D979F28E68A9900119835 /* ImageRateView.swift */; };
		383D97A428E7475600119835 /* CapsuleButton.swift in Sources */ = {isa = PBXBuildFile; fileRef = 383D97A328E7475600119835 /* CapsuleButton.swift */; };
		383D97A628E777A400119835 /* GridItemListView.swift in Sources */ = {isa = PBXBuildFile; fileRef = 383D97A528E777A400119835 /* GridItemListView.swift */; };
		387B70E028E60A5C000AC753 /* ImageCoordinator.swift in Sources */ = {isa = PBXBuildFile; fileRef = 387B70DF28E60A5C000AC753 /* ImageCoordinator.swift */; };
		389E271128E3E92700D9EF79 /* GardenApp.swift in Sources */ = {isa = PBXBuildFile; fileRef = 389E271028E3E92700D9EF79 /* GardenApp.swift */; };
		389E271328E3E92700D9EF79 /* Persistence.swift in Sources */ = {isa = PBXBuildFile; fileRef = 389E271228E3E92700D9EF79 /* Persistence.swift */; };
		389E271828E3E92700D9EF79 /* MainGalleryView.swift in Sources */ = {isa = PBXBuildFile; fileRef = 389E271728E3E92700D9EF79 /* MainGalleryView.swift */; };
		389E271A28E3E92900D9EF79 /* Assets.xcassets in Resources */ = {isa = PBXBuildFile; fileRef = 389E271928E3E92900D9EF79 /* Assets.xcassets */; };
		389E271E28E3E92900D9EF79 /* Preview Assets.xcassets in Resources */ = {isa = PBXBuildFile; fileRef = 389E271D28E3E92900D9EF79 /* Preview Assets.xcassets */; };
		389E272B28E3EA0000D9EF79 /* GardenWatchApp.swift in Sources */ = {isa = PBXBuildFile; fileRef = 389E272A28E3EA0000D9EF79 /* GardenWatchApp.swift */; };
		389E272D28E3EA0000D9EF79 /* ContentView.swift in Sources */ = {isa = PBXBuildFile; fileRef = 389E272C28E3EA0000D9EF79 /* ContentView.swift */; };
		389E272F28E3EA0300D9EF79 /* Assets.xcassets in Resources */ = {isa = PBXBuildFile; fileRef = 389E272E28E3EA0300D9EF79 /* Assets.xcassets */; };
		389E273228E3EA0300D9EF79 /* Preview Assets.xcassets in Resources */ = {isa = PBXBuildFile; fileRef = 389E273128E3EA0300D9EF79 /* Preview Assets.xcassets */; };
		389E273628E3EADA00D9EF79 /* Persistence.swift in Sources */ = {isa = PBXBuildFile; fileRef = 389E271228E3E92700D9EF79 /* Persistence.swift */; };
		389E273828E3EB0F00D9EF79 /* WatchConnectivityManager.swift in Sources */ = {isa = PBXBuildFile; fileRef = 389E273728E3EB0F00D9EF79 /* WatchConnectivityManager.swift */; };
		389E273928E3EB0F00D9EF79 /* WatchConnectivityManager.swift in Sources */ = {isa = PBXBuildFile; fileRef = 389E273728E3EB0F00D9EF79 /* WatchConnectivityManager.swift */; };
		389E273B28E3EE2D00D9EF79 /* GardenWatch Watch App.app in Embed Watch Content */ = {isa = PBXBuildFile; fileRef = 389E272828E3EA0000D9EF79 /* GardenWatch Watch App.app */; settings = {ATTRIBUTES = (RemoveHeadersOnCopy, ); }; };
		38F6F19328E4E866007F2D31 /* PlantItemView.swift in Sources */ = {isa = PBXBuildFile; fileRef = 38F6F18F28E4E839007F2D31 /* PlantItemView.swift */; };
		38F6F19528E4F17A007F2D31 /* ColorStyle.swift in Sources */ = {isa = PBXBuildFile; fileRef = 38F6F19428E4F17A007F2D31 /* ColorStyle.swift */; };
		38F6F19628E4F17A007F2D31 /* ColorStyle.swift in Sources */ = {isa = PBXBuildFile; fileRef = 38F6F19428E4F17A007F2D31 /* ColorStyle.swift */; };
		38F6F19728E53EBE007F2D31 /* Garden.xcdatamodeld in Sources */ = {isa = PBXBuildFile; fileRef = 389E271428E3E92700D9EF79 /* Garden.xcdatamodeld */; };
		38F6F19828E53EBE007F2D31 /* Garden.xcdatamodeld in Sources */ = {isa = PBXBuildFile; fileRef = 389E271428E3E92700D9EF79 /* Garden.xcdatamodeld */; };
		38F6F19A28E5404F007F2D31 /* PlantDetailsView.swift in Sources */ = {isa = PBXBuildFile; fileRef = 38F6F19928E5404F007F2D31 /* PlantDetailsView.swift */; };
		38F6F19C28E542A1007F2D31 /* AddPlantView.swift in Sources */ = {isa = PBXBuildFile; fileRef = 38F6F19B28E542A1007F2D31 /* AddPlantView.swift */; };
		38F6F1A028E5D083007F2D31 /* GradientViewModifier.swift in Sources */ = {isa = PBXBuildFile; fileRef = 38F6F19F28E5D083007F2D31 /* GradientViewModifier.swift */; };
		38F6F1A228E5D912007F2D31 /* Utils.swift in Sources */ = {isa = PBXBuildFile; fileRef = 38F6F1A128E5D912007F2D31 /* Utils.swift */; };
		38F6F1A328E5D912007F2D31 /* Utils.swift in Sources */ = {isa = PBXBuildFile; fileRef = 38F6F1A128E5D912007F2D31 /* Utils.swift */; };
/* End PBXBuildFile section */

/* Begin PBXContainerItemProxy section */
		389E273C28E3EE2D00D9EF79 /* PBXContainerItemProxy */ = {
			isa = PBXContainerItemProxy;
			containerPortal = 389E270528E3E92700D9EF79 /* Project object */;
			proxyType = 1;
			remoteGlobalIDString = 389E272728E3EA0000D9EF79;
			remoteInfo = "GardenWatch Watch App";
		};
/* End PBXContainerItemProxy section */

/* Begin PBXCopyFilesBuildPhase section */
		389E273E28E3EE2D00D9EF79 /* Embed Watch Content */ = {
			isa = PBXCopyFilesBuildPhase;
			buildActionMask = 2147483647;
			dstPath = "$(CONTENTS_FOLDER_PATH)/Watch";
			dstSubfolderSpec = 16;
			files = (
				389E273B28E3EE2D00D9EF79 /* GardenWatch Watch App.app in Embed Watch Content */,
			);
			name = "Embed Watch Content";
			runOnlyForDeploymentPostprocessing = 0;
		};
/* End PBXCopyFilesBuildPhase section */

/* Begin PBXFileReference section */
		383D979D28E630A700119835 /* GradientTextField.swift */ = {isa = PBXFileReference; lastKnownFileType = sourcecode.swift; path = GradientTextField.swift; sourceTree = "<group>"; };
		383D979F28E68A9900119835 /* ImageRateView.swift */ = {isa = PBXFileReference; lastKnownFileType = sourcecode.swift; path = ImageRateView.swift; sourceTree = "<group>"; };
		383D97A328E7475600119835 /* CapsuleButton.swift */ = {isa = PBXFileReference; lastKnownFileType = sourcecode.swift; path = CapsuleButton.swift; sourceTree = "<group>"; };
		383D97A528E777A400119835 /* GridItemListView.swift */ = {isa = PBXFileReference; lastKnownFileType = sourcecode.swift; path = GridItemListView.swift; sourceTree = "<group>"; };
		387B70DF28E60A5C000AC753 /* ImageCoordinator.swift */ = {isa = PBXFileReference; lastKnownFileType = sourcecode.swift; path = ImageCoordinator.swift; sourceTree = "<group>"; };
		389E270D28E3E92700D9EF79 /* Garden.app */ = {isa = PBXFileReference; explicitFileType = wrapper.application; includeInIndex = 0; path = Garden.app; sourceTree = BUILT_PRODUCTS_DIR; };
		389E271028E3E92700D9EF79 /* GardenApp.swift */ = {isa = PBXFileReference; lastKnownFileType = sourcecode.swift; path = GardenApp.swift; sourceTree = "<group>"; };
		389E271228E3E92700D9EF79 /* Persistence.swift */ = {isa = PBXFileReference; lastKnownFileType = sourcecode.swift; path = Persistence.swift; sourceTree = "<group>"; };
		389E271528E3E92700D9EF79 /* Garden.xcdatamodel */ = {isa = PBXFileReference; lastKnownFileType = wrapper.xcdatamodel; path = Garden.xcdatamodel; sourceTree = "<group>"; };
		389E271728E3E92700D9EF79 /* MainGalleryView.swift */ = {isa = PBXFileReference; lastKnownFileType = sourcecode.swift; path = MainGalleryView.swift; sourceTree = "<group>"; };
		389E271928E3E92900D9EF79 /* Assets.xcassets */ = {isa = PBXFileReference; lastKnownFileType = folder.assetcatalog; path = Assets.xcassets; sourceTree = "<group>"; };
		389E271B28E3E92900D9EF79 /* Garden.entitlements */ = {isa = PBXFileReference; lastKnownFileType = text.plist.entitlements; path = Garden.entitlements; sourceTree = "<group>"; };
		389E271D28E3E92900D9EF79 /* Preview Assets.xcassets */ = {isa = PBXFileReference; lastKnownFileType = folder.assetcatalog; path = "Preview Assets.xcassets"; sourceTree = "<group>"; };
		389E272828E3EA0000D9EF79 /* GardenWatch Watch App.app */ = {isa = PBXFileReference; explicitFileType = wrapper.application; includeInIndex = 0; path = "GardenWatch Watch App.app"; sourceTree = BUILT_PRODUCTS_DIR; };
		389E272A28E3EA0000D9EF79 /* GardenWatchApp.swift */ = {isa = PBXFileReference; lastKnownFileType = sourcecode.swift; path = GardenWatchApp.swift; sourceTree = "<group>"; };
		389E272C28E3EA0000D9EF79 /* ContentView.swift */ = {isa = PBXFileReference; lastKnownFileType = sourcecode.swift; path = ContentView.swift; sourceTree = "<group>"; };
		389E272E28E3EA0300D9EF79 /* Assets.xcassets */ = {isa = PBXFileReference; lastKnownFileType = folder.assetcatalog; path = Assets.xcassets; sourceTree = "<group>"; };
		389E273128E3EA0300D9EF79 /* Preview Assets.xcassets */ = {isa = PBXFileReference; lastKnownFileType = folder.assetcatalog; path = "Preview Assets.xcassets"; sourceTree = "<group>"; };
		389E273728E3EB0F00D9EF79 /* WatchConnectivityManager.swift */ = {isa = PBXFileReference; lastKnownFileType = sourcecode.swift; path = WatchConnectivityManager.swift; sourceTree = "<group>"; };
		38F6F18F28E4E839007F2D31 /* PlantItemView.swift */ = {isa = PBXFileReference; lastKnownFileType = sourcecode.swift; path = PlantItemView.swift; sourceTree = "<group>"; };
		38F6F19428E4F17A007F2D31 /* ColorStyle.swift */ = {isa = PBXFileReference; lastKnownFileType = sourcecode.swift; path = ColorStyle.swift; sourceTree = "<group>"; };
		38F6F19928E5404F007F2D31 /* PlantDetailsView.swift */ = {isa = PBXFileReference; lastKnownFileType = sourcecode.swift; path = PlantDetailsView.swift; sourceTree = "<group>"; };
		38F6F19B28E542A1007F2D31 /* AddPlantView.swift */ = {isa = PBXFileReference; lastKnownFileType = sourcecode.swift; path = AddPlantView.swift; sourceTree = "<group>"; };
		38F6F19F28E5D083007F2D31 /* GradientViewModifier.swift */ = {isa = PBXFileReference; lastKnownFileType = sourcecode.swift; path = GradientViewModifier.swift; sourceTree = "<group>"; };
		38F6F1A128E5D912007F2D31 /* Utils.swift */ = {isa = PBXFileReference; lastKnownFileType = sourcecode.swift; path = Utils.swift; sourceTree = "<group>"; };
/* End PBXFileReference section */

/* Begin PBXFrameworksBuildPhase section */
		389E270A28E3E92700D9EF79 /* Frameworks */ = {
			isa = PBXFrameworksBuildPhase;
			buildActionMask = 2147483647;
			files = (
			);
			runOnlyForDeploymentPostprocessing = 0;
		};
		389E272528E3EA0000D9EF79 /* Frameworks */ = {
			isa = PBXFrameworksBuildPhase;
			buildActionMask = 2147483647;
			files = (
			);
			runOnlyForDeploymentPostprocessing = 0;
		};
/* End PBXFrameworksBuildPhase section */

/* Begin PBXGroup section */
		389E270428E3E92700D9EF79 = {
			isa = PBXGroup;
			children = (
				389E270F28E3E92700D9EF79 /* Garden */,
				389E272928E3EA0000D9EF79 /* GardenWatch Watch App */,
				389E270E28E3E92700D9EF79 /* Products */,
				389E273A28E3EE2D00D9EF79 /* Frameworks */,
			);
			sourceTree = "<group>";
		};
		389E270E28E3E92700D9EF79 /* Products */ = {
			isa = PBXGroup;
			children = (
				389E270D28E3E92700D9EF79 /* Garden.app */,
				389E272828E3EA0000D9EF79 /* GardenWatch Watch App.app */,
			);
			name = Products;
			sourceTree = "<group>";
		};
		389E270F28E3E92700D9EF79 /* Garden */ = {
			isa = PBXGroup;
			children = (
				38F6F1C528E609F4007F2D31 /* ImageManager */,
				38F6F19E28E544B7007F2D31 /* Style */,
				38F6F19D28E5448F007F2D31 /* Utils */,
				38F6F19128E4E83E007F2D31 /* View */,
				389E271028E3E92700D9EF79 /* GardenApp.swift */,
				389E271928E3E92900D9EF79 /* Assets.xcassets */,
				389E271B28E3E92900D9EF79 /* Garden.entitlements */,
				389E271428E3E92700D9EF79 /* Garden.xcdatamodeld */,
				389E271C28E3E92900D9EF79 /* Preview Content */,
			);
			path = Garden;
			sourceTree = "<group>";
		};
		389E271C28E3E92900D9EF79 /* Preview Content */ = {
			isa = PBXGroup;
			children = (
				389E271D28E3E92900D9EF79 /* Preview Assets.xcassets */,
			);
			path = "Preview Content";
			sourceTree = "<group>";
		};
		389E272928E3EA0000D9EF79 /* GardenWatch Watch App */ = {
			isa = PBXGroup;
			children = (
				389E272A28E3EA0000D9EF79 /* GardenWatchApp.swift */,
				389E272C28E3EA0000D9EF79 /* ContentView.swift */,
				389E272E28E3EA0300D9EF79 /* Assets.xcassets */,
				389E273028E3EA0300D9EF79 /* Preview Content */,
			);
			path = "GardenWatch Watch App";
			sourceTree = "<group>";
		};
		389E273028E3EA0300D9EF79 /* Preview Content */ = {
			isa = PBXGroup;
			children = (
				389E273128E3EA0300D9EF79 /* Preview Assets.xcassets */,
			);
			path = "Preview Content";
			sourceTree = "<group>";
		};
		389E273A28E3EE2D00D9EF79 /* Frameworks */ = {
			isa = PBXGroup;
			children = (
			);
			name = Frameworks;
			sourceTree = "<group>";
		};
		38F6F19128E4E83E007F2D31 /* View */ = {
			isa = PBXGroup;
			children = (
				389E271728E3E92700D9EF79 /* MainGalleryView.swift */,
				38F6F18F28E4E839007F2D31 /* PlantItemView.swift */,
				38F6F19928E5404F007F2D31 /* PlantDetailsView.swift */,
				38F6F19B28E542A1007F2D31 /* AddPlantView.swift */,
			);
			path = View;
			sourceTree = "<group>";
		};
		38F6F19D28E5448F007F2D31 /* Utils */ = {
			isa = PBXGroup;
			children = (
				389E271228E3E92700D9EF79 /* Persistence.swift */,
				389E273728E3EB0F00D9EF79 /* WatchConnectivityManager.swift */,
				38F6F1A128E5D912007F2D31 /* Utils.swift */,
			);
			path = Utils;
			sourceTree = "<group>";
		};
		38F6F19E28E544B7007F2D31 /* Style */ = {
			isa = PBXGroup;
			children = (
				38F6F19428E4F17A007F2D31 /* ColorStyle.swift */,
				38F6F19F28E5D083007F2D31 /* GradientViewModifier.swift */,
				383D979D28E630A700119835 /* GradientTextField.swift */,
				383D979F28E68A9900119835 /* ImageRateView.swift */,
				383D97A328E7475600119835 /* CapsuleButton.swift */,
				383D97A528E777A400119835 /* GridItemListView.swift */,
			);
			path = Style;
			sourceTree = "<group>";
		};
		38F6F1C528E609F4007F2D31 /* ImageManager */ = {
			isa = PBXGroup;
			children = (
				387B70DF28E60A5C000AC753 /* ImageCoordinator.swift */,
			);
			path = ImageManager;
			sourceTree = "<group>";
		};
/* End PBXGroup section */

/* Begin PBXNativeTarget section */
		389E270C28E3E92700D9EF79 /* Garden */ = {
			isa = PBXNativeTarget;
			buildConfigurationList = 389E272128E3E92900D9EF79 /* Build configuration list for PBXNativeTarget "Garden" */;
			buildPhases = (
				389E270928E3E92700D9EF79 /* Sources */,
				389E270A28E3E92700D9EF79 /* Frameworks */,
				389E270B28E3E92700D9EF79 /* Resources */,
				389E273E28E3EE2D00D9EF79 /* Embed Watch Content */,
			);
			buildRules = (
			);
			dependencies = (
				389E273D28E3EE2D00D9EF79 /* PBXTargetDependency */,
			);
			name = Garden;
			productName = Garden;
			productReference = 389E270D28E3E92700D9EF79 /* Garden.app */;
			productType = "com.apple.product-type.application";
		};
		389E272728E3EA0000D9EF79 /* GardenWatch Watch App */ = {
			isa = PBXNativeTarget;
			buildConfigurationList = 389E273328E3EA0300D9EF79 /* Build configuration list for PBXNativeTarget "GardenWatch Watch App" */;
			buildPhases = (
				389E272428E3EA0000D9EF79 /* Sources */,
				389E272528E3EA0000D9EF79 /* Frameworks */,
				389E272628E3EA0000D9EF79 /* Resources */,
			);
			buildRules = (
			);
			dependencies = (
			);
			name = "GardenWatch Watch App";
			productName = "GardenWatch Watch App";
			productReference = 389E272828E3EA0000D9EF79 /* GardenWatch Watch App.app */;
			productType = "com.apple.product-type.application";
		};
/* End PBXNativeTarget section */

/* Begin PBXProject section */
		389E270528E3E92700D9EF79 /* Project object */ = {
			isa = PBXProject;
			attributes = {
				BuildIndependentTargetsInParallel = 1;
				LastSwiftUpdateCheck = 1400;
				LastUpgradeCheck = 1400;
				TargetAttributes = {
					389E270C28E3E92700D9EF79 = {
						CreatedOnToolsVersion = 14.0.1;
					};
					389E272728E3EA0000D9EF79 = {
						CreatedOnToolsVersion = 14.0.1;
					};
				};
			};
			buildConfigurationList = 389E270828E3E92700D9EF79 /* Build configuration list for PBXProject "Garden" */;
			compatibilityVersion = "Xcode 14.0";
			developmentRegion = en;
			hasScannedForEncodings = 0;
			knownRegions = (
				en,
				Base,
			);
			mainGroup = 389E270428E3E92700D9EF79;
			productRefGroup = 389E270E28E3E92700D9EF79 /* Products */;
			projectDirPath = "";
			projectRoot = "";
			targets = (
				389E270C28E3E92700D9EF79 /* Garden */,
				389E272728E3EA0000D9EF79 /* GardenWatch Watch App */,
			);
		};
/* End PBXProject section */

/* Begin PBXResourcesBuildPhase section */
		389E270B28E3E92700D9EF79 /* Resources */ = {
			isa = PBXResourcesBuildPhase;
			buildActionMask = 2147483647;
			files = (
				389E271E28E3E92900D9EF79 /* Preview Assets.xcassets in Resources */,
				389E271A28E3E92900D9EF79 /* Assets.xcassets in Resources */,
			);
			runOnlyForDeploymentPostprocessing = 0;
		};
		389E272628E3EA0000D9EF79 /* Resources */ = {
			isa = PBXResourcesBuildPhase;
			buildActionMask = 2147483647;
			files = (
				389E273228E3EA0300D9EF79 /* Preview Assets.xcassets in Resources */,
				389E272F28E3EA0300D9EF79 /* Assets.xcassets in Resources */,
			);
			runOnlyForDeploymentPostprocessing = 0;
		};
/* End PBXResourcesBuildPhase section */

/* Begin PBXSourcesBuildPhase section */
		389E270928E3E92700D9EF79 /* Sources */ = {
			isa = PBXSourcesBuildPhase;
			buildActionMask = 2147483647;
			files = (
				387B70E028E60A5C000AC753 /* ImageCoordinator.swift in Sources */,
				389E271128E3E92700D9EF79 /* GardenApp.swift in Sources */,
				38F6F19A28E5404F007F2D31 /* PlantDetailsView.swift in Sources */,
				389E271828E3E92700D9EF79 /* MainGalleryView.swift in Sources */,
				38F6F19C28E542A1007F2D31 /* AddPlantView.swift in Sources */,
				38F6F19728E53EBE007F2D31 /* Garden.xcdatamodeld in Sources */,
				383D97A628E777A400119835 /* GridItemListView.swift in Sources */,
				383D979E28E630A700119835 /* GradientTextField.swift in Sources */,
				383D97A428E7475600119835 /* CapsuleButton.swift in Sources */,
				383D97A028E68A9900119835 /* ImageRateView.swift in Sources */,
				38F6F1A228E5D912007F2D31 /* Utils.swift in Sources */,
				38F6F19328E4E866007F2D31 /* PlantItemView.swift in Sources */,
				38F6F19528E4F17A007F2D31 /* ColorStyle.swift in Sources */,
				38F6F1A028E5D083007F2D31 /* GradientViewModifier.swift in Sources */,
				389E271328E3E92700D9EF79 /* Persistence.swift in Sources */,
				389E273828E3EB0F00D9EF79 /* WatchConnectivityManager.swift in Sources */,
			);
			runOnlyForDeploymentPostprocessing = 0;
		};
		389E272428E3EA0000D9EF79 /* Sources */ = {
			isa = PBXSourcesBuildPhase;
			buildActionMask = 2147483647;
			files = (
				389E273628E3EADA00D9EF79 /* Persistence.swift in Sources */,
				389E272D28E3EA0000D9EF79 /* ContentView.swift in Sources */,
				389E273928E3EB0F00D9EF79 /* WatchConnectivityManager.swift in Sources */,
				38F6F1A328E5D912007F2D31 /* Utils.swift in Sources */,
				38F6F19628E4F17A007F2D31 /* ColorStyle.swift in Sources */,
				38F6F19828E53EBE007F2D31 /* Garden.xcdatamodeld in Sources */,
				389E272B28E3EA0000D9EF79 /* GardenWatchApp.swift in Sources */,
			);
			runOnlyForDeploymentPostprocessing = 0;
		};
/* End PBXSourcesBuildPhase section */

/* Begin PBXTargetDependency section */
		389E273D28E3EE2D00D9EF79 /* PBXTargetDependency */ = {
			isa = PBXTargetDependency;
			target = 389E272728E3EA0000D9EF79 /* GardenWatch Watch App */;
			targetProxy = 389E273C28E3EE2D00D9EF79 /* PBXContainerItemProxy */;
		};
/* End PBXTargetDependency section */

/* Begin XCBuildConfiguration section */
		389E271F28E3E92900D9EF79 /* Debug */ = {
			isa = XCBuildConfiguration;
			buildSettings = {
				ALWAYS_SEARCH_USER_PATHS = NO;
				CLANG_ANALYZER_NONNULL = YES;
				CLANG_ANALYZER_NUMBER_OBJECT_CONVERSION = YES_AGGRESSIVE;
				CLANG_CXX_LANGUAGE_STANDARD = "gnu++20";
				CLANG_ENABLE_MODULES = YES;
				CLANG_ENABLE_OBJC_ARC = YES;
				CLANG_ENABLE_OBJC_WEAK = YES;
				CLANG_WARN_BLOCK_CAPTURE_AUTORELEASING = YES;
				CLANG_WARN_BOOL_CONVERSION = YES;
				CLANG_WARN_COMMA = YES;
				CLANG_WARN_CONSTANT_CONVERSION = YES;
				CLANG_WARN_DEPRECATED_OBJC_IMPLEMENTATIONS = YES;
				CLANG_WARN_DIRECT_OBJC_ISA_USAGE = YES_ERROR;
				CLANG_WARN_DOCUMENTATION_COMMENTS = YES;
				CLANG_WARN_EMPTY_BODY = YES;
				CLANG_WARN_ENUM_CONVERSION = YES;
				CLANG_WARN_INFINITE_RECURSION = YES;
				CLANG_WARN_INT_CONVERSION = YES;
				CLANG_WARN_NON_LITERAL_NULL_CONVERSION = YES;
				CLANG_WARN_OBJC_IMPLICIT_RETAIN_SELF = YES;
				CLANG_WARN_OBJC_LITERAL_CONVERSION = YES;
				CLANG_WARN_OBJC_ROOT_CLASS = YES_ERROR;
				CLANG_WARN_QUOTED_INCLUDE_IN_FRAMEWORK_HEADER = YES;
				CLANG_WARN_RANGE_LOOP_ANALYSIS = YES;
				CLANG_WARN_STRICT_PROTOTYPES = YES;
				CLANG_WARN_SUSPICIOUS_MOVE = YES;
				CLANG_WARN_UNGUARDED_AVAILABILITY = YES_AGGRESSIVE;
				CLANG_WARN_UNREACHABLE_CODE = YES;
				CLANG_WARN__DUPLICATE_METHOD_MATCH = YES;
				COPY_PHASE_STRIP = NO;
				DEBUG_INFORMATION_FORMAT = dwarf;
				ENABLE_STRICT_OBJC_MSGSEND = YES;
				ENABLE_TESTABILITY = YES;
				GCC_C_LANGUAGE_STANDARD = gnu11;
				GCC_DYNAMIC_NO_PIC = NO;
				GCC_NO_COMMON_BLOCKS = YES;
				GCC_OPTIMIZATION_LEVEL = 0;
				GCC_PREPROCESSOR_DEFINITIONS = (
					"DEBUG=1",
					"$(inherited)",
				);
				GCC_WARN_64_TO_32_BIT_CONVERSION = YES;
				GCC_WARN_ABOUT_RETURN_TYPE = YES_ERROR;
				GCC_WARN_UNDECLARED_SELECTOR = YES;
				GCC_WARN_UNINITIALIZED_AUTOS = YES_AGGRESSIVE;
				GCC_WARN_UNUSED_FUNCTION = YES;
				GCC_WARN_UNUSED_VARIABLE = YES;
				MTL_ENABLE_DEBUG_INFO = INCLUDE_SOURCE;
				MTL_FAST_MATH = YES;
				ONLY_ACTIVE_ARCH = YES;
				SWIFT_ACTIVE_COMPILATION_CONDITIONS = DEBUG;
				SWIFT_OPTIMIZATION_LEVEL = "-Onone";
			};
			name = Debug;
		};
		389E272028E3E92900D9EF79 /* Release */ = {
			isa = XCBuildConfiguration;
			buildSettings = {
				ALWAYS_SEARCH_USER_PATHS = NO;
				CLANG_ANALYZER_NONNULL = YES;
				CLANG_ANALYZER_NUMBER_OBJECT_CONVERSION = YES_AGGRESSIVE;
				CLANG_CXX_LANGUAGE_STANDARD = "gnu++20";
				CLANG_ENABLE_MODULES = YES;
				CLANG_ENABLE_OBJC_ARC = YES;
				CLANG_ENABLE_OBJC_WEAK = YES;
				CLANG_WARN_BLOCK_CAPTURE_AUTORELEASING = YES;
				CLANG_WARN_BOOL_CONVERSION = YES;
				CLANG_WARN_COMMA = YES;
				CLANG_WARN_CONSTANT_CONVERSION = YES;
				CLANG_WARN_DEPRECATED_OBJC_IMPLEMENTATIONS = YES;
				CLANG_WARN_DIRECT_OBJC_ISA_USAGE = YES_ERROR;
				CLANG_WARN_DOCUMENTATION_COMMENTS = YES;
				CLANG_WARN_EMPTY_BODY = YES;
				CLANG_WARN_ENUM_CONVERSION = YES;
				CLANG_WARN_INFINITE_RECURSION = YES;
				CLANG_WARN_INT_CONVERSION = YES;
				CLANG_WARN_NON_LITERAL_NULL_CONVERSION = YES;
				CLANG_WARN_OBJC_IMPLICIT_RETAIN_SELF = YES;
				CLANG_WARN_OBJC_LITERAL_CONVERSION = YES;
				CLANG_WARN_OBJC_ROOT_CLASS = YES_ERROR;
				CLANG_WARN_QUOTED_INCLUDE_IN_FRAMEWORK_HEADER = YES;
				CLANG_WARN_RANGE_LOOP_ANALYSIS = YES;
				CLANG_WARN_STRICT_PROTOTYPES = YES;
				CLANG_WARN_SUSPICIOUS_MOVE = YES;
				CLANG_WARN_UNGUARDED_AVAILABILITY = YES_AGGRESSIVE;
				CLANG_WARN_UNREACHABLE_CODE = YES;
				CLANG_WARN__DUPLICATE_METHOD_MATCH = YES;
				COPY_PHASE_STRIP = NO;
				DEBUG_INFORMATION_FORMAT = "dwarf-with-dsym";
				ENABLE_NS_ASSERTIONS = NO;
				ENABLE_STRICT_OBJC_MSGSEND = YES;
				GCC_C_LANGUAGE_STANDARD = gnu11;
				GCC_NO_COMMON_BLOCKS = YES;
				GCC_WARN_64_TO_32_BIT_CONVERSION = YES;
				GCC_WARN_ABOUT_RETURN_TYPE = YES_ERROR;
				GCC_WARN_UNDECLARED_SELECTOR = YES;
				GCC_WARN_UNINITIALIZED_AUTOS = YES_AGGRESSIVE;
				GCC_WARN_UNUSED_FUNCTION = YES;
				GCC_WARN_UNUSED_VARIABLE = YES;
				MTL_ENABLE_DEBUG_INFO = NO;
				MTL_FAST_MATH = YES;
				SWIFT_COMPILATION_MODE = wholemodule;
				SWIFT_OPTIMIZATION_LEVEL = "-O";
			};
			name = Release;
		};
		389E272228E3E92900D9EF79 /* Debug */ = {
			isa = XCBuildConfiguration;
			buildSettings = {
				ASSETCATALOG_COMPILER_APPICON_NAME = AppIcon;
				ASSETCATALOG_COMPILER_GLOBAL_ACCENT_COLOR_NAME = AccentColor;
				CODE_SIGN_ENTITLEMENTS = Garden/Garden.entitlements;
				CODE_SIGN_STYLE = Automatic;
				CURRENT_PROJECT_VERSION = 1;
				DEVELOPMENT_ASSET_PATHS = "\"Garden/Preview Content\"";
				DEVELOPMENT_TEAM = 5HMJW6N276;
				ENABLE_HARDENED_RUNTIME = NO;
				ENABLE_PREVIEWS = YES;
				GENERATE_INFOPLIST_FILE = YES;
				INFOPLIST_KEY_NSCameraUsageDescription = "We want to use you camera";
				INFOPLIST_KEY_NSPhotoLibraryAddUsageDescription = "We want to access your library";
				"INFOPLIST_KEY_UIApplicationSceneManifest_Generation[sdk=iphoneos*]" = YES;
				"INFOPLIST_KEY_UIApplicationSceneManifest_Generation[sdk=iphonesimulator*]" = YES;
				"INFOPLIST_KEY_UIApplicationSupportsIndirectInputEvents[sdk=iphoneos*]" = YES;
				"INFOPLIST_KEY_UIApplicationSupportsIndirectInputEvents[sdk=iphonesimulator*]" = YES;
				"INFOPLIST_KEY_UILaunchScreen_Generation[sdk=iphoneos*]" = YES;
				"INFOPLIST_KEY_UILaunchScreen_Generation[sdk=iphonesimulator*]" = YES;
				"INFOPLIST_KEY_UIStatusBarStyle[sdk=iphoneos*]" = UIStatusBarStyleDefault;
				"INFOPLIST_KEY_UIStatusBarStyle[sdk=iphonesimulator*]" = UIStatusBarStyleDefault;
				INFOPLIST_KEY_UISupportedInterfaceOrientations_iPad = "UIInterfaceOrientationPortrait UIInterfaceOrientationPortraitUpsideDown UIInterfaceOrientationLandscapeLeft UIInterfaceOrientationLandscapeRight";
				INFOPLIST_KEY_UISupportedInterfaceOrientations_iPhone = "UIInterfaceOrientationPortrait UIInterfaceOrientationLandscapeLeft UIInterfaceOrientationLandscapeRight";
				IPHONEOS_DEPLOYMENT_TARGET = 16.0;
				LD_RUNPATH_SEARCH_PATHS = "@executable_path/Frameworks";
				"LD_RUNPATH_SEARCH_PATHS[sdk=macosx*]" = "@executable_path/../Frameworks";
				MACOSX_DEPLOYMENT_TARGET = 12.3;
				MARKETING_VERSION = 1.0;
				PRODUCT_BUNDLE_IDENTIFIER = isis.Garden;
				PRODUCT_NAME = "$(TARGET_NAME)";
				SDKROOT = auto;
				SUPPORTED_PLATFORMS = "iphoneos iphonesimulator";
				SUPPORTS_MACCATALYST = NO;
				SUPPORTS_MAC_DESIGNED_FOR_IPHONE_IPAD = NO;
				SWIFT_EMIT_LOC_STRINGS = YES;
				SWIFT_VERSION = 5.0;
				TARGETED_DEVICE_FAMILY = "1,2";
			};
			name = Debug;
		};
		389E272328E3E92900D9EF79 /* Release */ = {
			isa = XCBuildConfiguration;
			buildSettings = {
				ASSETCATALOG_COMPILER_APPICON_NAME = AppIcon;
				ASSETCATALOG_COMPILER_GLOBAL_ACCENT_COLOR_NAME = AccentColor;
				CODE_SIGN_ENTITLEMENTS = Garden/Garden.entitlements;
				CODE_SIGN_STYLE = Automatic;
				CURRENT_PROJECT_VERSION = 1;
				DEVELOPMENT_ASSET_PATHS = "\"Garden/Preview Content\"";
				DEVELOPMENT_TEAM = 5HMJW6N276;
				ENABLE_HARDENED_RUNTIME = NO;
				ENABLE_PREVIEWS = YES;
				GENERATE_INFOPLIST_FILE = YES;
				INFOPLIST_KEY_NSCameraUsageDescription = "We want to use you camera";
				INFOPLIST_KEY_NSPhotoLibraryAddUsageDescription = "We want to access your library";
				"INFOPLIST_KEY_UIApplicationSceneManifest_Generation[sdk=iphoneos*]" = YES;
				"INFOPLIST_KEY_UIApplicationSceneManifest_Generation[sdk=iphonesimulator*]" = YES;
				"INFOPLIST_KEY_UIApplicationSupportsIndirectInputEvents[sdk=iphoneos*]" = YES;
				"INFOPLIST_KEY_UIApplicationSupportsIndirectInputEvents[sdk=iphonesimulator*]" = YES;
				"INFOPLIST_KEY_UILaunchScreen_Generation[sdk=iphoneos*]" = YES;
				"INFOPLIST_KEY_UILaunchScreen_Generation[sdk=iphonesimulator*]" = YES;
				"INFOPLIST_KEY_UIStatusBarStyle[sdk=iphoneos*]" = UIStatusBarStyleDefault;
				"INFOPLIST_KEY_UIStatusBarStyle[sdk=iphonesimulator*]" = UIStatusBarStyleDefault;
				INFOPLIST_KEY_UISupportedInterfaceOrientations_iPad = "UIInterfaceOrientationPortrait UIInterfaceOrientationPortraitUpsideDown UIInterfaceOrientationLandscapeLeft UIInterfaceOrientationLandscapeRight";
				INFOPLIST_KEY_UISupportedInterfaceOrientations_iPhone = "UIInterfaceOrientationPortrait UIInterfaceOrientationLandscapeLeft UIInterfaceOrientationLandscapeRight";
				IPHONEOS_DEPLOYMENT_TARGET = 16.0;
				LD_RUNPATH_SEARCH_PATHS = "@executable_path/Frameworks";
				"LD_RUNPATH_SEARCH_PATHS[sdk=macosx*]" = "@executable_path/../Frameworks";
				MACOSX_DEPLOYMENT_TARGET = 12.3;
				MARKETING_VERSION = 1.0;
				PRODUCT_BUNDLE_IDENTIFIER = isis.Garden;
				PRODUCT_NAME = "$(TARGET_NAME)";
				SDKROOT = auto;
				SUPPORTED_PLATFORMS = "iphoneos iphonesimulator";
				SUPPORTS_MACCATALYST = NO;
				SUPPORTS_MAC_DESIGNED_FOR_IPHONE_IPAD = NO;
				SWIFT_EMIT_LOC_STRINGS = YES;
				SWIFT_VERSION = 5.0;
				TARGETED_DEVICE_FAMILY = "1,2";
			};
			name = Release;
		};
		389E273428E3EA0300D9EF79 /* Debug */ = {
			isa = XCBuildConfiguration;
			buildSettings = {
				ASSETCATALOG_COMPILER_APPICON_NAME = AppIcon;
				ASSETCATALOG_COMPILER_GLOBAL_ACCENT_COLOR_NAME = AccentColor;
				CODE_SIGN_STYLE = Automatic;
				CURRENT_PROJECT_VERSION = 1;
				DEVELOPMENT_ASSET_PATHS = "\"GardenWatch Watch App/Preview Content\"";
				DEVELOPMENT_TEAM = 5HMJW6N276;
				ENABLE_PREVIEWS = YES;
				GENERATE_INFOPLIST_FILE = YES;
				INFOPLIST_KEY_CFBundleDisplayName = GardenWatch;
				INFOPLIST_KEY_UISupportedInterfaceOrientations = "UIInterfaceOrientationPortrait UIInterfaceOrientationPortraitUpsideDown";
				INFOPLIST_KEY_WKCompanionAppBundleIdentifier = isis.Garden;
				LD_RUNPATH_SEARCH_PATHS = (
					"$(inherited)",
					"@executable_path/Frameworks",
				);
				MARKETING_VERSION = 1.0;
				PRODUCT_BUNDLE_IDENTIFIER = isis.Garden.watchkitapp;
				PRODUCT_NAME = "$(TARGET_NAME)";
				SDKROOT = watchos;
				SKIP_INSTALL = YES;
				SWIFT_EMIT_LOC_STRINGS = YES;
				SWIFT_VERSION = 5.0;
				TARGETED_DEVICE_FAMILY = 4;
				WATCHOS_DEPLOYMENT_TARGET = 9.0;
			};
			name = Debug;
		};
		389E273528E3EA0300D9EF79 /* Release */ = {
			isa = XCBuildConfiguration;
			buildSettings = {
				ASSETCATALOG_COMPILER_APPICON_NAME = AppIcon;
				ASSETCATALOG_COMPILER_GLOBAL_ACCENT_COLOR_NAME = AccentColor;
				CODE_SIGN_STYLE = Automatic;
				CURRENT_PROJECT_VERSION = 1;
				DEVELOPMENT_ASSET_PATHS = "\"GardenWatch Watch App/Preview Content\"";
				DEVELOPMENT_TEAM = 5HMJW6N276;
				ENABLE_PREVIEWS = YES;
				GENERATE_INFOPLIST_FILE = YES;
				INFOPLIST_KEY_CFBundleDisplayName = GardenWatch;
				INFOPLIST_KEY_UISupportedInterfaceOrientations = "UIInterfaceOrientationPortrait UIInterfaceOrientationPortraitUpsideDown";
				INFOPLIST_KEY_WKCompanionAppBundleIdentifier = isis.Garden;
				LD_RUNPATH_SEARCH_PATHS = (
					"$(inherited)",
					"@executable_path/Frameworks",
				);
				MARKETING_VERSION = 1.0;
				PRODUCT_BUNDLE_IDENTIFIER = isis.Garden.watchkitapp;
				PRODUCT_NAME = "$(TARGET_NAME)";
				SDKROOT = watchos;
				SKIP_INSTALL = YES;
				SWIFT_EMIT_LOC_STRINGS = YES;
				SWIFT_VERSION = 5.0;
				TARGETED_DEVICE_FAMILY = 4;
				VALIDATE_PRODUCT = YES;
				WATCHOS_DEPLOYMENT_TARGET = 9.0;
			};
			name = Release;
		};
/* End XCBuildConfiguration section */

/* Begin XCConfigurationList section */
		389E270828E3E92700D9EF79 /* Build configuration list for PBXProject "Garden" */ = {
			isa = XCConfigurationList;
			buildConfigurations = (
				389E271F28E3E92900D9EF79 /* Debug */,
				389E272028E3E92900D9EF79 /* Release */,
			);
			defaultConfigurationIsVisible = 0;
			defaultConfigurationName = Release;
		};
		389E272128E3E92900D9EF79 /* Build configuration list for PBXNativeTarget "Garden" */ = {
			isa = XCConfigurationList;
			buildConfigurations = (
				389E272228E3E92900D9EF79 /* Debug */,
				389E272328E3E92900D9EF79 /* Release */,
			);
			defaultConfigurationIsVisible = 0;
			defaultConfigurationName = Release;
		};
		389E273328E3EA0300D9EF79 /* Build configuration list for PBXNativeTarget "GardenWatch Watch App" */ = {
			isa = XCConfigurationList;
			buildConfigurations = (
				389E273428E3EA0300D9EF79 /* Debug */,
				389E273528E3EA0300D9EF79 /* Release */,
			);
			defaultConfigurationIsVisible = 0;
			defaultConfigurationName = Release;
		};
/* End XCConfigurationList section */

/* Begin XCVersionGroup section */
		389E271428E3E92700D9EF79 /* Garden.xcdatamodeld */ = {
			isa = XCVersionGroup;
			children = (
				389E271528E3E92700D9EF79 /* Garden.xcdatamodel */,
			);
			currentVersion = 389E271528E3E92700D9EF79 /* Garden.xcdatamodel */;
			path = Garden.xcdatamodeld;
			sourceTree = "<group>";
			versionGroupType = wrapper.xcdatamodel;
		};
/* End XCVersionGroup section */
	};
	rootObject = 389E270528E3E92700D9EF79 /* Project object */;
}
